PODS:
  - FinvuSDK (1.0.3)

DEPENDENCIES:
  - FinvuSDK (from `https://github.com/Cookiejar-technologies/finvu_ios_sdk.git`, tag `1.0.3`)

EXTERNAL SOURCES:
  FinvuSDK:
    :git: https://github.com/Cookiejar-technologies/finvu_ios_sdk.git
    :tag: 1.0.3

CHECKOUT OPTIONS:
  FinvuSDK:
    :git: https://github.com/Cookiejar-technologies/finvu_ios_sdk.git
    :tag: 1.0.3

SPEC CHECKSUMS:
  FinvuSDK: 4a04f3ec3c1adac2de75115fb4546554180db9e2

PODFILE CHECKSUM: da94171abfec10f5d2ae964d3af529b6c3e09fff

COCOAPODS: 1.16.2
